{
  "version": "2",
  "remote": {
    "https://deno.land/std@0.100.0/_util/assert.ts": "2f868145a042a11d5ad0a3c748dcf580add8a0dbc0e876eaa0026303a5488f58",
    "https://deno.land/std@0.100.0/flags/mod.ts": "0994240ad009980e46bc3bb1314e9469c7241617e4345b27afc82097fdbef841",
    "https://raw.githubusercontent.com/ppdx999/deno-env-parser/main/mod.ts": "7704f65d25908dd7010026ebd9d0683df580b195bf3b0bee95a95378618912a7"
  }
}
